// !$*UTF8*$!
{
	archiveVersion = 1;
	classes = {
	};
	objectVersion = 50;
	objects = {

/* Begin PBXBuildFile section */
		7AB192E923993A9B00D11C3F /* AppDelegate.swift in Sources */ = {isa = PBXBuildFile; fileRef = 7AB192E823993A9B00D11C3F /* AppDelegate.swift */; };
		7AB192EB23993A9B00D11C3F /* SceneDelegate.swift in Sources */ = {isa = PBXBuildFile; fileRef = 7AB192EA23993A9B00D11C3F /* SceneDelegate.swift */; };
		7AB192F023993A9B00D11C3F /* Main.storyboard in Resources */ = {isa = PBXBuildFile; fileRef = 7AB192EE23993A9B00D11C3F /* Main.storyboard */; };
		7AB192F223993A9C00D11C3F /* Assets.xcassets in Resources */ = {isa = PBXBuildFile; fileRef = 7AB192F123993A9C00D11C3F /* Assets.xcassets */; };
		7AB192F523993A9C00D11C3F /* LaunchScreen.storyboard in Resources */ = {isa = PBXBuildFile; fileRef = 7AB192F323993A9C00D11C3F /* LaunchScreen.storyboard */; };
		7AB1930123993D3B00D11C3F /* ExchangeRateViewController.swift in Sources */ = {isa = PBXBuildFile; fileRef = 7AB1930023993D3B00D11C3F /* ExchangeRateViewController.swift */; };
		7AB1930323993D6200D11C3F /* TranslationViewController.swift in Sources */ = {isa = PBXBuildFile; fileRef = 7AB1930223993D6200D11C3F /* TranslationViewController.swift */; };
		7AB1930523993D7D00D11C3F /* WeatherViewController.swift in Sources */ = {isa = PBXBuildFile; fileRef = 7AB1930423993D7D00D11C3F /* WeatherViewController.swift */; };
		7AB1930C2399483B00D11C3F /* KeyApi.swift in Sources */ = {isa = PBXBuildFile; fileRef = 7AB1930B2399483B00D11C3F /* KeyApi.swift */; };
/* End PBXBuildFile section */

/* Begin PBXFileReference section */
		7AB192E523993A9B00D11C3F /* Baluchon.app */ = {isa = PBXFileReference; explicitFileType = wrapper.application; includeInIndex = 0; path = Baluchon.app; sourceTree = BUILT_PRODUCTS_DIR; };
		7AB192E823993A9B00D11C3F /* AppDelegate.swift */ = {isa = PBXFileReference; lastKnownFileType = sourcecode.swift; path = AppDelegate.swift; sourceTree = "<group>"; };
		7AB192EA23993A9B00D11C3F /* SceneDelegate.swift */ = {isa = PBXFileReference; lastKnownFileType = sourcecode.swift; path = SceneDelegate.swift; sourceTree = "<group>"; };
		7AB192EF23993A9B00D11C3F /* Base */ = {isa = PBXFileReference; lastKnownFileType = file.storyboard; name = Base; path = Base.lproj/Main.storyboard; sourceTree = "<group>"; };
		7AB192F123993A9C00D11C3F /* Assets.xcassets */ = {isa = PBXFileReference; lastKnownFileType = folder.assetcatalog; path = Assets.xcassets; sourceTree = "<group>"; };
		7AB192F423993A9C00D11C3F /* Base */ = {isa = PBXFileReference; lastKnownFileType = file.storyboard; name = Base; path = Base.lproj/LaunchScreen.storyboard; sourceTree = "<group>"; };
		7AB192F623993A9C00D11C3F /* Info.plist */ = {isa = PBXFileReference; lastKnownFileType = text.plist.xml; path = Info.plist; sourceTree = "<group>"; };
		7AB1930023993D3B00D11C3F /* ExchangeRateViewController.swift */ = {isa = PBXFileReference; lastKnownFileType = sourcecode.swift; path = ExchangeRateViewController.swift; sourceTree = "<group>"; };
		7AB1930223993D6200D11C3F /* TranslationViewController.swift */ = {isa = PBXFileReference; lastKnownFileType = sourcecode.swift; path = TranslationViewController.swift; sourceTree = "<group>"; };
		7AB1930423993D7D00D11C3F /* WeatherViewController.swift */ = {isa = PBXFileReference; lastKnownFileType = sourcecode.swift; path = WeatherViewController.swift; sourceTree = "<group>"; };
		7AB1930B2399483B00D11C3F /* KeyApi.swift */ = {isa = PBXFileReference; lastKnownFileType = sourcecode.swift; path = KeyApi.swift; sourceTree = "<group>"; };
/* End PBXFileReference section */

/* Begin PBXFrameworksBuildPhase section */
		7AB192E223993A9B00D11C3F /* Frameworks */ = {
			isa = PBXFrameworksBuildPhase;
			buildActionMask = 2147483647;
			files = (
			);
			runOnlyForDeploymentPostprocessing = 0;
		};
/* End PBXFrameworksBuildPhase section */

/* Begin PBXGroup section */
		7AB192DC23993A9B00D11C3F = {
			isa = PBXGroup;
			children = (
				7AB192E723993A9B00D11C3F /* Baluchon */,
				7AB192E623993A9B00D11C3F /* Products */,
			);
			sourceTree = "<group>";
		};
		7AB192E623993A9B00D11C3F /* Products */ = {
			isa = PBXGroup;
			children = (
				7AB192E523993A9B00D11C3F /* Baluchon.app */,
			);
			name = Products;
			sourceTree = "<group>";
		};
		7AB192E723993A9B00D11C3F /* Baluchon */ = {
			isa = PBXGroup;
			children = (
				7AB19306239941EB00D11C3F /* gitignore */,
				7AB192F123993A9C00D11C3F /* Assets.xcassets */,
				7AB192FF23993AEA00D11C3F /* SupportingFiles */,
				7AB192FE23993AE300D11C3F /* Controller */,
				7AB192FD23993ADB00D11C3F /* View */,
				7AB192FC23993AD000D11C3F /* Model */,
			);
			path = Baluchon;
			sourceTree = "<group>";
		};
		7AB192FC23993AD000D11C3F /* Model */ = {
			isa = PBXGroup;
			children = (
			);
			path = Model;
			sourceTree = "<group>";
		};
		7AB192FD23993ADB00D11C3F /* View */ = {
			isa = PBXGroup;
			children = (
				7AB192EE23993A9B00D11C3F /* Main.storyboard */,
			);
			path = View;
			sourceTree = "<group>";
		};
		7AB192FE23993AE300D11C3F /* Controller */ = {
			isa = PBXGroup;
			children = (
				7AB1930023993D3B00D11C3F /* ExchangeRateViewController.swift */,
				7AB1930223993D6200D11C3F /* TranslationViewController.swift */,
				7AB1930423993D7D00D11C3F /* WeatherViewController.swift */,
			);
			path = Controller;
			sourceTree = "<group>";
		};
		7AB192FF23993AEA00D11C3F /* SupportingFiles */ = {
			isa = PBXGroup;
			children = (
				7AB192F323993A9C00D11C3F /* LaunchScreen.storyboard */,
				7AB192F623993A9C00D11C3F /* Info.plist */,
				7AB192E823993A9B00D11C3F /* AppDelegate.swift */,
				7AB192EA23993A9B00D11C3F /* SceneDelegate.swift */,
			);
			path = SupportingFiles;
			sourceTree = "<group>";
		};
		7AB19306239941EB00D11C3F /* gitignore */ = {
			isa = PBXGroup;
			children = (
				7AB1930B2399483B00D11C3F /* KeyApi.swift */,
			);
			path = gitignore;
			sourceTree = "<group>";
		};
/* End PBXGroup section */

/* Begin PBXNativeTarget section */
		7AB192E423993A9B00D11C3F /* Baluchon */ = {
			isa = PBXNativeTarget;
			buildConfigurationList = 7AB192F923993A9C00D11C3F /* Build configuration list for PBXNativeTarget "Baluchon" */;
			buildPhases = (
				7AB192E123993A9B00D11C3F /* Sources */,
				7AB192E223993A9B00D11C3F /* Frameworks */,
				7AB192E323993A9B00D11C3F /* Resources */,
			);
			buildRules = (
			);
			dependencies = (
			);
			name = Baluchon;
			productName = Baluchon;
			productReference = 7AB192E523993A9B00D11C3F /* Baluchon.app */;
			productType = "com.apple.product-type.application";
		};
/* End PBXNativeTarget section */

/* Begin PBXProject section */
		7AB192DD23993A9B00D11C3F /* Project object */ = {
			isa = PBXProject;
			attributes = {
				LastSwiftUpdateCheck = 1100;
				LastUpgradeCheck = 1100;
				ORGANIZATIONNAME = "Edouard PLANTEVIN";
				TargetAttributes = {
					7AB192E423993A9B00D11C3F = {
						CreatedOnToolsVersion = 11.0;
					};
				};
			};
			buildConfigurationList = 7AB192E023993A9B00D11C3F /* Build configuration list for PBXProject "Baluchon" */;
			compatibilityVersion = "Xcode 9.3";
			developmentRegion = en;
			hasScannedForEncodings = 0;
			knownRegions = (
				en,
				Base,
			);
			mainGroup = 7AB192DC23993A9B00D11C3F;
			productRefGroup = 7AB192E623993A9B00D11C3F /* Products */;
			projectDirPath = "";
			projectRoot = "";
			targets = (
				7AB192E423993A9B00D11C3F /* Baluchon */,
			);
		};
/* End PBXProject section */

/* Begin PBXResourcesBuildPhase section */
		7AB192E323993A9B00D11C3F /* Resources */ = {
			isa = PBXResourcesBuildPhase;
			buildActionMask = 2147483647;
			files = (
				7AB192F523993A9C00D11C3F /* LaunchScreen.storyboard in Resources */,
				7AB192F223993A9C00D11C3F /* Assets.xcassets in Resources */,
				7AB192F023993A9B00D11C3F /* Main.storyboard in Resources */,
			);
			runOnlyForDeploymentPostprocessing = 0;
		};
/* End PBXResourcesBuildPhase section */

/* Begin PBXSourcesBuildPhase section */
		7AB192E123993A9B00D11C3F /* Sources */ = {
			isa = PBXSourcesBuildPhase;
			buildActionMask = 2147483647;
			files = (
				7AB1930323993D6200D11C3F /* TranslationViewController.swift in Sources */,
				7AB1930C2399483B00D11C3F /* KeyApi.swift in Sources */,
				7AB1930523993D7D00D11C3F /* WeatherViewController.swift in Sources */,
				7AB1930123993D3B00D11C3F /* ExchangeRateViewController.swift in Sources */,
				7AB192E923993A9B00D11C3F /* AppDelegate.swift in Sources */,
				7AB192EB23993A9B00D11C3F /* SceneDelegate.swift in Sources */,
			);
			runOnlyForDeploymentPostprocessing = 0;
		};
/* End PBXSourcesBuildPhase section */

/* Begin PBXVariantGroup section */
		7AB192EE23993A9B00D11C3F /* Main.storyboard */ = {
			isa = PBXVariantGroup;
			children = (
				7AB192EF23993A9B00D11C3F /* Base */,
			);
			name = Main.storyboard;
			sourceTree = "<group>";
		};
		7AB192F323993A9C00D11C3F /* LaunchScreen.storyboard */ = {
			isa = PBXVariantGroup;
			children = (
				7AB192F423993A9C00D11C3F /* Base */,
			);
			name = LaunchScreen.storyboard;
			sourceTree = "<group>";
		};
/* End PBXVariantGroup section */

/* Begin XCBuildConfiguration section */
		7AB192F723993A9C00D11C3F /* Debug */ = {
			isa = XCBuildConfiguration;
			buildSettings = {
				ALWAYS_SEARCH_USER_PATHS = NO;
				CLANG_ANALYZER_NONNULL = YES;
				CLANG_ANALYZER_NUMBER_OBJECT_CONVERSION = YES_AGGRESSIVE;
				CLANG_CXX_LANGUAGE_STANDARD = "gnu++14";
				CLANG_CXX_LIBRARY = "libc++";
				CLANG_ENABLE_MODULES = YES;
				CLANG_ENABLE_OBJC_ARC = YES;
				CLANG_ENABLE_OBJC_WEAK = YES;
				CLANG_WARN_BLOCK_CAPTURE_AUTORELEASING = YES;
				CLANG_WARN_BOOL_CONVERSION = YES;
				CLANG_WARN_COMMA = YES;
				CLANG_WARN_CONSTANT_CONVERSION = YES;
				CLANG_WARN_DEPRECATED_OBJC_IMPLEMENTATIONS = YES;
				CLANG_WARN_DIRECT_OBJC_ISA_USAGE = YES_ERROR;
				CLANG_WARN_DOCUMENTATION_COMMENTS = YES;
				CLANG_WARN_EMPTY_BODY = YES;
				CLANG_WARN_ENUM_CONVERSION = YES;
				CLANG_WARN_INFINITE_RECURSION = YES;
				CLANG_WARN_INT_CONVERSION = YES;
				CLANG_WARN_NON_LITERAL_NULL_CONVERSION = YES;
				CLANG_WARN_OBJC_IMPLICIT_RETAIN_SELF = YES;
				CLANG_WARN_OBJC_LITERAL_CONVERSION = YES;
				CLANG_WARN_OBJC_ROOT_CLASS = YES_ERROR;
				CLANG_WARN_RANGE_LOOP_ANALYSIS = YES;
				CLANG_WARN_STRICT_PROTOTYPES = YES;
				CLANG_WARN_SUSPICIOUS_MOVE = YES;
				CLANG_WARN_UNGUARDED_AVAILABILITY = YES_AGGRESSIVE;
				CLANG_WARN_UNREACHABLE_CODE = YES;
				CLANG_WARN__DUPLICATE_METHOD_MATCH = YES;
				COPY_PHASE_STRIP = NO;
				DEBUG_INFORMATION_FORMAT = dwarf;
				ENABLE_STRICT_OBJC_MSGSEND = YES;
				ENABLE_TESTABILITY = YES;
				GCC_C_LANGUAGE_STANDARD = gnu11;
				GCC_DYNAMIC_NO_PIC = NO;
				GCC_NO_COMMON_BLOCKS = YES;
				GCC_OPTIMIZATION_LEVEL = 0;
				GCC_PREPROCESSOR_DEFINITIONS = (
					"DEBUG=1",
					"$(inherited)",
				);
				GCC_WARN_64_TO_32_BIT_CONVERSION = YES;
				GCC_WARN_ABOUT_RETURN_TYPE = YES_ERROR;
				GCC_WARN_UNDECLARED_SELECTOR = YES;
				GCC_WARN_UNINITIALIZED_AUTOS = YES_AGGRESSIVE;
				GCC_WARN_UNUSED_FUNCTION = YES;
				GCC_WARN_UNUSED_VARIABLE = YES;
				IPHONEOS_DEPLOYMENT_TARGET = 13.0;
				MTL_ENABLE_DEBUG_INFO = INCLUDE_SOURCE;
				MTL_FAST_MATH = YES;
				ONLY_ACTIVE_ARCH = YES;
				SDKROOT = iphoneos;
				SWIFT_ACTIVE_COMPILATION_CONDITIONS = DEBUG;
				SWIFT_OPTIMIZATION_LEVEL = "-Onone";
			};
			name = Debug;
		};
		7AB192F823993A9C00D11C3F /* Release */ = {
			isa = XCBuildConfiguration;
			buildSettings = {
				ALWAYS_SEARCH_USER_PATHS = NO;
				CLANG_ANALYZER_NONNULL = YES;
				CLANG_ANALYZER_NUMBER_OBJECT_CONVERSION = YES_AGGRESSIVE;
				CLANG_CXX_LANGUAGE_STANDARD = "gnu++14";
				CLANG_CXX_LIBRARY = "libc++";
				CLANG_ENABLE_MODULES = YES;
				CLANG_ENABLE_OBJC_ARC = YES;
				CLANG_ENABLE_OBJC_WEAK = YES;
				CLANG_WARN_BLOCK_CAPTURE_AUTORELEASING = YES;
				CLANG_WARN_BOOL_CONVERSION = YES;
				CLANG_WARN_COMMA = YES;
				CLANG_WARN_CONSTANT_CONVERSION = YES;
				CLANG_WARN_DEPRECATED_OBJC_IMPLEMENTATIONS = YES;
				CLANG_WARN_DIRECT_OBJC_ISA_USAGE = YES_ERROR;
				CLANG_WARN_DOCUMENTATION_COMMENTS = YES;
				CLANG_WARN_EMPTY_BODY = YES;
				CLANG_WARN_ENUM_CONVERSION = YES;
				CLANG_WARN_INFINITE_RECURSION = YES;
				CLANG_WARN_INT_CONVERSION = YES;
				CLANG_WARN_NON_LITERAL_NULL_CONVERSION = YES;
				CLANG_WARN_OBJC_IMPLICIT_RETAIN_SELF = YES;
				CLANG_WARN_OBJC_LITERAL_CONVERSION = YES;
				CLANG_WARN_OBJC_ROOT_CLASS = YES_ERROR;
				CLANG_WARN_RANGE_LOOP_ANALYSIS = YES;
				CLANG_WARN_STRICT_PROTOTYPES = YES;
				CLANG_WARN_SUSPICIOUS_MOVE = YES;
				CLANG_WARN_UNGUARDED_AVAILABILITY = YES_AGGRESSIVE;
				CLANG_WARN_UNREACHABLE_CODE = YES;
				CLANG_WARN__DUPLICATE_METHOD_MATCH = YES;
				COPY_PHASE_STRIP = NO;
				DEBUG_INFORMATION_FORMAT = "dwarf-with-dsym";
				ENABLE_NS_ASSERTIONS = NO;
				ENABLE_STRICT_OBJC_MSGSEND = YES;
				GCC_C_LANGUAGE_STANDARD = gnu11;
				GCC_NO_COMMON_BLOCKS = YES;
				GCC_WARN_64_TO_32_BIT_CONVERSION = YES;
				GCC_WARN_ABOUT_RETURN_TYPE = YES_ERROR;
				GCC_WARN_UNDECLARED_SELECTOR = YES;
				GCC_WARN_UNINITIALIZED_AUTOS = YES_AGGRESSIVE;
				GCC_WARN_UNUSED_FUNCTION = YES;
				GCC_WARN_UNUSED_VARIABLE = YES;
				IPHONEOS_DEPLOYMENT_TARGET = 13.0;
				MTL_ENABLE_DEBUG_INFO = NO;
				MTL_FAST_MATH = YES;
				SDKROOT = iphoneos;
				SWIFT_COMPILATION_MODE = wholemodule;
				SWIFT_OPTIMIZATION_LEVEL = "-O";
				VALIDATE_PRODUCT = YES;
			};
			name = Release;
		};
		7AB192FA23993A9C00D11C3F /* Debug */ = {
			isa = XCBuildConfiguration;
			buildSettings = {
				ASSETCATALOG_COMPILER_APPICON_NAME = AppIcon;
				CODE_SIGN_STYLE = Automatic;
				DEVELOPMENT_TEAM = HARHLUKYDS;
				INFOPLIST_FILE = Baluchon/SupportingFiles/Info.plist;
				LD_RUNPATH_SEARCH_PATHS = (
					"$(inherited)",
					"@executable_path/Frameworks",
				);
				PRODUCT_BUNDLE_IDENTIFIER = fr.edouardplantevin.Baluchon;
				PRODUCT_NAME = "$(TARGET_NAME)";
				SWIFT_VERSION = 5.0;
				TARGETED_DEVICE_FAMILY = "1,2";
			};
			name = Debug;
		};
		7AB192FB23993A9C00D11C3F /* Release */ = {
			isa = XCBuildConfiguration;
			buildSettings = {
				ASSETCATALOG_COMPILER_APPICON_NAME = AppIcon;
				CODE_SIGN_STYLE = Automatic;
				DEVELOPMENT_TEAM = HARHLUKYDS;
				INFOPLIST_FILE = Baluchon/SupportingFiles/Info.plist;
				LD_RUNPATH_SEARCH_PATHS = (
					"$(inherited)",
					"@executable_path/Frameworks",
				);
				PRODUCT_BUNDLE_IDENTIFIER = fr.edouardplantevin.Baluchon;
				PRODUCT_NAME = "$(TARGET_NAME)";
				SWIFT_VERSION = 5.0;
				TARGETED_DEVICE_FAMILY = "1,2";
			};
			name = Release;
		};
/* End XCBuildConfiguration section */

/* Begin XCConfigurationList section */
		7AB192E023993A9B00D11C3F /* Build configuration list for PBXProject "Baluchon" */ = {
			isa = XCConfigurationList;
			buildConfigurations = (
				7AB192F723993A9C00D11C3F /* Debug */,
				7AB192F823993A9C00D11C3F /* Release */,
			);
			defaultConfigurationIsVisible = 0;
			defaultConfigurationName = Release;
		};
		7AB192F923993A9C00D11C3F /* Build configuration list for PBXNativeTarget "Baluchon" */ = {
			isa = XCConfigurationList;
			buildConfigurations = (
				7AB192FA23993A9C00D11C3F /* Debug */,
				7AB192FB23993A9C00D11C3F /* Release */,
			);
			defaultConfigurationIsVisible = 0;
			defaultConfigurationName = Release;
		};
/* End XCConfigurationList section */
	};
	rootObject = 7AB192DD23993A9B00D11C3F /* Project object */;
}
